dependencies:
  driver_lcd_panel:
    dependencies:
    - name: idf
      version: '>=5.5'
    source:
      path: /Users/yanfa-tangshi/Johnson/AutoTestPlatform/ATE/components/driver/driver_lcd_panel
      type: local
    version: '*'
  driver_touch_gt911:
    dependencies:
    - name: idf
      version: '>=5.5'
    - name: espressif/esp_lcd_touch_gt911
      version: '*'
    source:
      path: /Users/yanfa-tangshi/Johnson/AutoTestPlatform/ATE/components/driver/driver_touch_gt911
      type: local
    version: '*'
  driver_usb:
    dependencies:
    - name: idf
      version: '>=5.5'
    - name: espressif/usb
      version: '*'
    - name: espressif/usb_host_msc
      version: '>=1.1.2'
    - name: espressif/usb_host_cdc_acm
      version: '*'
    - name: espressif/esp_msc_ota
      version: '*'
    - name: espressif/esp_tinyusb
      version: '*'
    source:
      path: /Users/yanfa-tangshi/Johnson/AutoTestPlatform/ATE/components/driver/driver_usb
      type: local
    version: '*'
  espressif/cjson:
    component_hash: 002c6d1872ee4c97d333938ebe107a29841cc847f9de89e676714bd2844057ea
    dependencies:
    - name: idf
      require: private
      version: '>=5.0'
    source:
      registry_url: https://components.espressif.com/
      type: service
    version: 1.7.19~1
  espressif/cmake_utilities:
    component_hash: 351350613ceafba240b761b4ea991e0f231ac7a9f59a9ee901f751bddc0bb18f
    dependencies:
    - name: idf
      require: private
      version: '>=4.1'
    source:
      registry_url: https://components.espressif.com
      type: service
    version: 0.5.3
  espressif/esp_lcd_touch:
    component_hash: 3f85a7d95af876f1a6ecca8eb90a81614890d0f03a038390804e5a77e2caf862
    dependencies:
    - name: idf
      require: private
      version: '>=4.4.2'
    source:
      registry_url: https://components.espressif.com
      type: service
    version: 1.2.1
  espressif/esp_lcd_touch_gt911:
    component_hash: be02e243d18b9a661bc13b0d22c0a5cfa3f708cf04d6eb059772276c8c8a4d76
    dependencies:
    - name: espressif/esp_lcd_touch
      registry_url: https://components.espressif.com
      require: public
      version: ^1.2.0
    - name: idf
      require: private
      version: '>=4.4.2'
    source:
      registry_url: https://components.espressif.com/
      type: service
    version: 1.2.0~1
  espressif/esp_lvgl_adapter:
    component_hash: 6d140bc0168a8a9727e59e6270fdb0dafaabc6f7a4dfbf7f02863bc43118375c
    dependencies:
    - name: espressif/button
      registry_url: https://components.espressif.com
      require: public
      rules:
      - if: $CONFIG{ESP_LVGL_ADAPTER_ENABLE_BUTTON} == True
      version: 4.*
    - name: espressif/esp_lcd_touch
      registry_url: https://components.espressif.com
      require: public
      version: 1.*
    - name: espressif/esp_lv_decoder
      registry_url: https://components.espressif.com
      require: public
      rules:
      - if: $CONFIG{ESP_LVGL_ADAPTER_ENABLE_DECODER} == True
      version: 0.*
    - name: espressif/esp_lv_fs
      registry_url: https://components.espressif.com
      require: public
      rules:
      - if: $CONFIG{ESP_LVGL_ADAPTER_ENABLE_FS} == True
      version: 1.*
    - name: espressif/freetype
      registry_url: https://components.espressif.com
      require: public
      rules:
      - if: $CONFIG{ESP_LVGL_ADAPTER_ENABLE_FREETYPE} == True
      version: 2.*
    - name: espressif/knob
      registry_url: https://components.espressif.com
      require: public
      rules:
      - if: $CONFIG{ESP_LVGL_ADAPTER_ENABLE_KNOB} == True
      version: 1.*
    - name: idf
      require: private
      version: '>=5.5'
    - name: lvgl/lvgl
      registry_url: https://components.espressif.com
      require: private
      version: '>=8,<10'
    source:
      registry_url: https://components.espressif.com/
      type: service
    version: 0.2.0
  espressif/esp_msc_ota:
    component_hash: 4e14f1112efe18445b141c55c0d8d1048643d6923f9275f15f0497f38d76c59b
    dependencies:
    - name: espressif/cmake_utilities
      registry_url: https://components.espressif.com
      require: private
      version: 0.*
    - name: espressif/usb_host_msc
      registry_url: https://components.espressif.com
      require: private
      version: ^1.1.2
    - name: idf
      require: private
      version: '>=5.0'
    source:
      registry_url: https://components.espressif.com/
      type: service
    targets:
    - esp32s2
    - esp32s3
    - esp32p4
    version: 1.1.0
  espressif/esp_tinyusb:
    component_hash: fa0c96d7bdc3fe37383d735e2839a9007200a0b6bc039458d45d004b50146e81
    dependencies:
    - name: idf
      require: private
      version: '>=5.0'
    - name: espressif/tinyusb
      registry_url: https://components.espressif.com
      require: public
      version: '>=0.17.0~2'
    source:
      registry_url: https://components.espressif.com/
      type: service
    targets:
    - esp32s2
    - esp32s3
    - esp32p4
    - esp32h4
    version: 2.1.1
  espressif/led_strip:
    component_hash: 28621486f77229aaf81c71f5e15d6fbf36c2949cf11094e07090593e659e7639
    dependencies:
    - name: idf
      require: private
      version: '>=5.0'
    source:
      registry_url: https://components.espressif.com/
      type: service
    version: 3.0.3
  espressif/tinyusb:
    component_hash: 5ea9d3b6d6b0734a0a0b3491967aa0e1bece2974132294dbda5dd2839b247bfa
    dependencies:
    - name: idf
      require: private
      version: '>=5.0'
    source:
      registry_url: https://components.espressif.com
      type: service
    targets:
    - esp32s2
    - esp32s3
    - esp32p4
    - esp32h4
    version: 0.19.0~2
  espressif/usb:
    component_hash: 9da54c646719bdbf30bd33e6c06b3b7e9b224faa0265e060abcde206cdf1033d
    dependencies:
    - name: idf
      require: private
      version: '>=5.4'
    source:
      registry_url: https://components.espressif.com/
      type: service
    targets:
    - esp32s2
    - esp32s3
    - esp32p4
    - esp32h4
    - linux
    version: 1.3.0
  espressif/usb_host_cdc_acm:
    component_hash: 71f9ae30021b1edb6f42980eb151ab24d0b602b8463861569a151b5254ba1e4b
    dependencies:
    - name: idf
      require: private
      version: '>=5.0'
    - name: espressif/usb
      registry_url: https://components.espressif.com
      require: public
      rules:
      - if: idf_version >=6.0
      - if: target not in ["linux"]
      version: ^1.0.0
    source:
      registry_url: https://components.espressif.com/
      type: service
    targets:
    - esp32s2
    - esp32s3
    - esp32p4
    - esp32h4
    - linux
    version: 2.3.0
  espressif/usb_host_msc:
    component_hash: 865a651c08d0bf2ce255a369778375e493df588dfb0720c3d97e12bfdcc4c0f9
    dependencies:
    - name: idf
      require: private
      version: '>=4.4.1'
    - name: espressif/usb
      registry_url: https://components.espressif.com
      require: public
      rules:
      - if: idf_version >=6.0
      - if: target not in ["linux"]
      version: ^1.0.0
    source:
      registry_url: https://components.espressif.com/
      type: service
    targets:
    - esp32s2
    - esp32s3
    - esp32p4
    - esp32h4
    version: 1.1.4
  idf:
    source:
      type: idf
    version: 5.5.3
  lvgl/lvgl:
    component_hash: 184e532558c1c45fefed631f3e235423d22582aafb4630f3e8885c35281a49ae
    dependencies: []
    source:
      registry_url: https://components.espressif.com/
      type: service
    version: 9.5.0
direct_dependencies:
- driver_lcd_panel
- driver_touch_gt911
- driver_usb
- espressif/cjson
- espressif/esp_lcd_touch_gt911
- espressif/esp_lvgl_adapter
- espressif/esp_msc_ota
- espressif/esp_tinyusb
- espressif/led_strip
- espressif/usb
- espressif/usb_host_cdc_acm
- espressif/usb_host_msc
- idf
- lvgl/lvgl
manifest_hash: 7946e23b96770cca4cae6dddb77f97ae0ce107f82e7048532b0a919ccfc59e7d
target: esp32p4
version: 2.0.0
